// !$*UTF8*$!
{
	archiveVersion = 1;
	classes = {
	};
	objectVersion = 55;
	objects = {

/* Begin PBXBuildFile section */
		5B058A8C28A960F300B397A6 /* AppDelegate.swift in Sources */ = {isa = PBXBuildFile; fileRef = 5B058A8B28A960F300B397A6 /* AppDelegate.swift */; };
		5B058A8E28A960F300B397A6 /* SceneDelegate.swift in Sources */ = {isa = PBXBuildFile; fileRef = 5B058A8D28A960F300B397A6 /* SceneDelegate.swift */; };
		5B058A9328A960F300B397A6 /* Main.storyboard in Resources */ = {isa = PBXBuildFile; fileRef = 5B058A9128A960F300B397A6 /* Main.storyboard */; };
		5B058A9528A960F400B397A6 /* Assets.xcassets in Resources */ = {isa = PBXBuildFile; fileRef = 5B058A9428A960F400B397A6 /* Assets.xcassets */; };
		5B058A9828A960F400B397A6 /* LaunchScreen.storyboard in Resources */ = {isa = PBXBuildFile; fileRef = 5B058A9628A960F400B397A6 /* LaunchScreen.storyboard */; };
		5B058AA728A961C900B397A6 /* MainViewController.swift in Sources */ = {isa = PBXBuildFile; fileRef = 5B058AA628A961C900B397A6 /* MainViewController.swift */; };
		5B058AB128A96A6600B397A6 /* APIKey.swift in Sources */ = {isa = PBXBuildFile; fileRef = 5B058AB028A96A6600B397A6 /* APIKey.swift */; };
		5B058AB528A96BA300B397A6 /* EndPoint.swift in Sources */ = {isa = PBXBuildFile; fileRef = 5B058AB428A96BA300B397A6 /* EndPoint.swift */; };
		5B2DAB3C28A97AA9005B4761 /* UIView+.swift in Sources */ = {isa = PBXBuildFile; fileRef = 5B2DAB3B28A97AA9005B4761 /* UIView+.swift */; };
		5BCF508B28AAABA60007A394 /* WeatherManager.swift in Sources */ = {isa = PBXBuildFile; fileRef = 5BCF508A28AAABA60007A394 /* WeatherManager.swift */; };
		5BCF508E28AAAD450007A394 /* SwiftyJSON in Frameworks */ = {isa = PBXBuildFile; productRef = 5BCF508D28AAAD450007A394 /* SwiftyJSON */; };
		5BCF509128AAAD550007A394 /* Alamofire in Frameworks */ = {isa = PBXBuildFile; productRef = 5BCF509028AAAD550007A394 /* Alamofire */; };
		5BCF509428AAAEB20007A394 /* Weather.swift in Sources */ = {isa = PBXBuildFile; fileRef = 5BCF509328AAAEB20007A394 /* Weather.swift */; };
		5BCF509628AAB7D90007A394 /* String+.swift in Sources */ = {isa = PBXBuildFile; fileRef = 5BCF509528AAB7D90007A394 /* String+.swift */; };
		5BCF509928AABE2B0007A394 /* Kingfisher in Frameworks */ = {isa = PBXBuildFile; productRef = 5BCF509828AABE2B0007A394 /* Kingfisher */; };
		5BCF509E28AAD96E0007A394 /* Date+.swift in Sources */ = {isa = PBXBuildFile; fileRef = 5BCF509D28AAD96E0007A394 /* Date+.swift */; };
/* End PBXBuildFile section */

/* Begin PBXFileReference section */
		5B058A8828A960F300B397A6 /* Weather.app */ = {isa = PBXFileReference; explicitFileType = wrapper.application; includeInIndex = 0; path = Weather.app; sourceTree = BUILT_PRODUCTS_DIR; };
		5B058A8B28A960F300B397A6 /* AppDelegate.swift */ = {isa = PBXFileReference; lastKnownFileType = sourcecode.swift; path = AppDelegate.swift; sourceTree = "<group>"; };
		5B058A8D28A960F300B397A6 /* SceneDelegate.swift */ = {isa = PBXFileReference; lastKnownFileType = sourcecode.swift; path = SceneDelegate.swift; sourceTree = "<group>"; };
		5B058A9228A960F300B397A6 /* Base */ = {isa = PBXFileReference; lastKnownFileType = file.storyboard; name = Base; path = Base.lproj/Main.storyboard; sourceTree = "<group>"; };
		5B058A9428A960F400B397A6 /* Assets.xcassets */ = {isa = PBXFileReference; lastKnownFileType = folder.assetcatalog; path = Assets.xcassets; sourceTree = "<group>"; };
		5B058A9728A960F400B397A6 /* Base */ = {isa = PBXFileReference; lastKnownFileType = file.storyboard; name = Base; path = Base.lproj/LaunchScreen.storyboard; sourceTree = "<group>"; };
		5B058A9928A960F400B397A6 /* Info.plist */ = {isa = PBXFileReference; lastKnownFileType = text.plist.xml; path = Info.plist; sourceTree = "<group>"; };
		5B058AA628A961C900B397A6 /* MainViewController.swift */ = {isa = PBXFileReference; lastKnownFileType = sourcecode.swift; path = MainViewController.swift; sourceTree = "<group>"; };
		5B058AB028A96A6600B397A6 /* APIKey.swift */ = {isa = PBXFileReference; lastKnownFileType = sourcecode.swift; path = APIKey.swift; sourceTree = "<group>"; };
		5B058AB428A96BA300B397A6 /* EndPoint.swift */ = {isa = PBXFileReference; lastKnownFileType = sourcecode.swift; path = EndPoint.swift; sourceTree = "<group>"; };
		5B2DAB3B28A97AA9005B4761 /* UIView+.swift */ = {isa = PBXFileReference; lastKnownFileType = sourcecode.swift; path = "UIView+.swift"; sourceTree = "<group>"; };
		5BCF508A28AAABA60007A394 /* WeatherManager.swift */ = {isa = PBXFileReference; lastKnownFileType = sourcecode.swift; path = WeatherManager.swift; sourceTree = "<group>"; };
		5BCF509328AAAEB20007A394 /* Weather.swift */ = {isa = PBXFileReference; lastKnownFileType = sourcecode.swift; path = Weather.swift; sourceTree = "<group>"; };
		5BCF509528AAB7D90007A394 /* String+.swift */ = {isa = PBXFileReference; lastKnownFileType = sourcecode.swift; path = "String+.swift"; sourceTree = "<group>"; };
		5BCF509D28AAD96E0007A394 /* Date+.swift */ = {isa = PBXFileReference; lastKnownFileType = sourcecode.swift; path = "Date+.swift"; sourceTree = "<group>"; };
/* End PBXFileReference section */

/* Begin PBXFrameworksBuildPhase section */
		5B058A8528A960F300B397A6 /* Frameworks */ = {
			isa = PBXFrameworksBuildPhase;
			buildActionMask = 2147483647;
			files = (
				5BCF509928AABE2B0007A394 /* Kingfisher in Frameworks */,
				5BCF508E28AAAD450007A394 /* SwiftyJSON in Frameworks */,
				5BCF509128AAAD550007A394 /* Alamofire in Frameworks */,
			);
			runOnlyForDeploymentPostprocessing = 0;
		};
/* End PBXFrameworksBuildPhase section */

/* Begin PBXGroup section */
		5B058A7F28A960F300B397A6 = {
			isa = PBXGroup;
			children = (
				5B058A8A28A960F300B397A6 /* Weather */,
				5B058A8928A960F300B397A6 /* Products */,
			);
			sourceTree = "<group>";
		};
		5B058A8928A960F300B397A6 /* Products */ = {
			isa = PBXGroup;
			children = (
				5B058A8828A960F300B397A6 /* Weather.app */,
			);
			name = Products;
			sourceTree = "<group>";
		};
		5B058A8A28A960F300B397A6 /* Weather */ = {
			isa = PBXGroup;
			children = (
				5B058AB628A96D1F00B397A6 /* Source */,
				5B058AA128A9616700B397A6 /* Support */,
			);
			path = Weather;
			sourceTree = "<group>";
		};
		5B058AA128A9616700B397A6 /* Support */ = {
			isa = PBXGroup;
			children = (
				5B058AA428A9618C00B397A6 /* Storyboard */,
				5B058AAE28A96A3F00B397A6 /* Font */,
				5B058A9928A960F400B397A6 /* Info.plist */,
				5B058A9428A960F400B397A6 /* Assets.xcassets */,
				5B058A8B28A960F300B397A6 /* AppDelegate.swift */,
				5B058A8D28A960F300B397A6 /* SceneDelegate.swift */,
			);
			path = Support;
			sourceTree = "<group>";
		};
		5B058AA228A9617300B397A6 /* Screen */ = {
			isa = PBXGroup;
			children = (
				5B058AA528A961B700B397A6 /* Main */,
			);
			path = Screen;
			sourceTree = "<group>";
		};
		5B058AA328A9617C00B397A6 /* Common */ = {
			isa = PBXGroup;
			children = (
				5B058AA828A961D100B397A6 /* Extension */,
			);
			path = Common;
			sourceTree = "<group>";
		};
		5B058AA428A9618C00B397A6 /* Storyboard */ = {
			isa = PBXGroup;
			children = (
				5B058A9128A960F300B397A6 /* Main.storyboard */,
				5B058A9628A960F400B397A6 /* LaunchScreen.storyboard */,
			);
			path = Storyboard;
			sourceTree = "<group>";
		};
		5B058AA528A961B700B397A6 /* Main */ = {
			isa = PBXGroup;
			children = (
				5B058AA628A961C900B397A6 /* MainViewController.swift */,
			);
			path = Main;
			sourceTree = "<group>";
		};
		5B058AA828A961D100B397A6 /* Extension */ = {
			isa = PBXGroup;
			children = (
				5B2DAB3B28A97AA9005B4761 /* UIView+.swift */,
				5BCF509528AAB7D90007A394 /* String+.swift */,
				5BCF509D28AAD96E0007A394 /* Date+.swift */,
			);
			path = Extension;
			sourceTree = "<group>";
		};
		5B058AA928A961DB00B397A6 /* Network */ = {
			isa = PBXGroup;
			children = (
				5B058AAF28A96A5900B397A6 /* Base */,
				5BCF509228AAAEA10007A394 /* Model */,
				5B058AAA28A961E100B397A6 /* Manager */,
			);
			path = Network;
			sourceTree = "<group>";
		};
		5B058AAA28A961E100B397A6 /* Manager */ = {
			isa = PBXGroup;
			children = (
				5BCF508A28AAABA60007A394 /* WeatherManager.swift */,
			);
			path = Manager;
			sourceTree = "<group>";
		};
		5B058AAE28A96A3F00B397A6 /* Font */ = {
			isa = PBXGroup;
			children = (
			);
			path = Font;
			sourceTree = "<group>";
		};
		5B058AAF28A96A5900B397A6 /* Base */ = {
			isa = PBXGroup;
			children = (
				5B058AB028A96A6600B397A6 /* APIKey.swift */,
				5B058AB428A96BA300B397A6 /* EndPoint.swift */,
			);
			path = Base;
			sourceTree = "<group>";
		};
		5B058AB628A96D1F00B397A6 /* Source */ = {
			isa = PBXGroup;
			children = (
				5B058AA928A961DB00B397A6 /* Network */,
				5B058AA328A9617C00B397A6 /* Common */,
				5B058AA228A9617300B397A6 /* Screen */,
			);
			path = Source;
			sourceTree = "<group>";
		};
		5BCF509228AAAEA10007A394 /* Model */ = {
			isa = PBXGroup;
			children = (
				5BCF509328AAAEB20007A394 /* Weather.swift */,
			);
			path = Model;
			sourceTree = "<group>";
		};
/* End PBXGroup section */

/* Begin PBXNativeTarget section */
		5B058A8728A960F300B397A6 /* Weather */ = {
			isa = PBXNativeTarget;
			buildConfigurationList = 5B058A9C28A960F400B397A6 /* Build configuration list for PBXNativeTarget "Weather" */;
			buildPhases = (
				5B058A8428A960F300B397A6 /* Sources */,
				5B058A8528A960F300B397A6 /* Frameworks */,
				5B058A8628A960F300B397A6 /* Resources */,
			);
			buildRules = (
			);
			dependencies = (
			);
			name = Weather;
			packageProductDependencies = (
				5BCF508D28AAAD450007A394 /* SwiftyJSON */,
				5BCF509028AAAD550007A394 /* Alamofire */,
				5BCF509828AABE2B0007A394 /* Kingfisher */,
			);
			productName = Weather;
			productReference = 5B058A8828A960F300B397A6 /* Weather.app */;
			productType = "com.apple.product-type.application";
		};
/* End PBXNativeTarget section */

/* Begin PBXProject section */
		5B058A8028A960F300B397A6 /* Project object */ = {
			isa = PBXProject;
			attributes = {
				BuildIndependentTargetsInParallel = 1;
				LastSwiftUpdateCheck = 1320;
				LastUpgradeCheck = 1320;
				TargetAttributes = {
					5B058A8728A960F300B397A6 = {
						CreatedOnToolsVersion = 13.2.1;
					};
				};
			};
			buildConfigurationList = 5B058A8328A960F300B397A6 /* Build configuration list for PBXProject "Weather" */;
			compatibilityVersion = "Xcode 13.0";
			developmentRegion = en;
			hasScannedForEncodings = 0;
			knownRegions = (
				en,
				Base,
			);
			mainGroup = 5B058A7F28A960F300B397A6;
			packageReferences = (
				5BCF508C28AAAD450007A394 /* XCRemoteSwiftPackageReference "SwiftyJSON" */,
				5BCF508F28AAAD550007A394 /* XCRemoteSwiftPackageReference "Alamofire" */,
				5BCF509728AABE2B0007A394 /* XCRemoteSwiftPackageReference "Kingfisher" */,
			);
			productRefGroup = 5B058A8928A960F300B397A6 /* Products */;
			projectDirPath = "";
			projectRoot = "";
			targets = (
				5B058A8728A960F300B397A6 /* Weather */,
			);
		};
/* End PBXProject section */

/* Begin PBXResourcesBuildPhase section */
		5B058A8628A960F300B397A6 /* Resources */ = {
			isa = PBXResourcesBuildPhase;
			buildActionMask = 2147483647;
			files = (
				5B058A9828A960F400B397A6 /* LaunchScreen.storyboard in Resources */,
				5B058A9528A960F400B397A6 /* Assets.xcassets in Resources */,
				5B058A9328A960F300B397A6 /* Main.storyboard in Resources */,
			);
			runOnlyForDeploymentPostprocessing = 0;
		};
/* End PBXResourcesBuildPhase section */

/* Begin PBXSourcesBuildPhase section */
		5B058A8428A960F300B397A6 /* Sources */ = {
			isa = PBXSourcesBuildPhase;
			buildActionMask = 2147483647;
			files = (
				5B058AA728A961C900B397A6 /* MainViewController.swift in Sources */,
				5B058A8C28A960F300B397A6 /* AppDelegate.swift in Sources */,
				5BCF508B28AAABA60007A394 /* WeatherManager.swift in Sources */,
				5B058A8E28A960F300B397A6 /* SceneDelegate.swift in Sources */,
				5BCF509428AAAEB20007A394 /* Weather.swift in Sources */,
				5BCF509628AAB7D90007A394 /* String+.swift in Sources */,
				5B2DAB3C28A97AA9005B4761 /* UIView+.swift in Sources */,
				5BCF509E28AAD96E0007A394 /* Date+.swift in Sources */,
				5B058AB128A96A6600B397A6 /* APIKey.swift in Sources */,
				5B058AB528A96BA300B397A6 /* EndPoint.swift in Sources */,
			);
			runOnlyForDeploymentPostprocessing = 0;
		};
/* End PBXSourcesBuildPhase section */

/* Begin PBXVariantGroup section */
		5B058A9128A960F300B397A6 /* Main.storyboard */ = {
			isa = PBXVariantGroup;
			children = (
				5B058A9228A960F300B397A6 /* Base */,
			);
			name = Main.storyboard;
			sourceTree = "<group>";
		};
		5B058A9628A960F400B397A6 /* LaunchScreen.storyboard */ = {
			isa = PBXVariantGroup;
			children = (
				5B058A9728A960F400B397A6 /* Base */,
			);
			name = LaunchScreen.storyboard;
			sourceTree = "<group>";
		};
/* End PBXVariantGroup section */

/* Begin XCBuildConfiguration section */
		5B058A9A28A960F400B397A6 /* Debug */ = {
			isa = XCBuildConfiguration;
			buildSettings = {
				ALWAYS_SEARCH_USER_PATHS = NO;
				CLANG_ANALYZER_NONNULL = YES;
				CLANG_ANALYZER_NUMBER_OBJECT_CONVERSION = YES_AGGRESSIVE;
				CLANG_CXX_LANGUAGE_STANDARD = "gnu++17";
				CLANG_CXX_LIBRARY = "libc++";
				CLANG_ENABLE_MODULES = YES;
				CLANG_ENABLE_OBJC_ARC = YES;
				CLANG_ENABLE_OBJC_WEAK = YES;
				CLANG_WARN_BLOCK_CAPTURE_AUTORELEASING = YES;
				CLANG_WARN_BOOL_CONVERSION = YES;
				CLANG_WARN_COMMA = YES;
				CLANG_WARN_CONSTANT_CONVERSION = YES;
				CLANG_WARN_DEPRECATED_OBJC_IMPLEMENTATIONS = YES;
				CLANG_WARN_DIRECT_OBJC_ISA_USAGE = YES_ERROR;
				CLANG_WARN_DOCUMENTATION_COMMENTS = YES;
				CLANG_WARN_EMPTY_BODY = YES;
				CLANG_WARN_ENUM_CONVERSION = YES;
				CLANG_WARN_INFINITE_RECURSION = YES;
				CLANG_WARN_INT_CONVERSION = YES;
				CLANG_WARN_NON_LITERAL_NULL_CONVERSION = YES;
				CLANG_WARN_OBJC_IMPLICIT_RETAIN_SELF = YES;
				CLANG_WARN_OBJC_LITERAL_CONVERSION = YES;
				CLANG_WARN_OBJC_ROOT_CLASS = YES_ERROR;
				CLANG_WARN_QUOTED_INCLUDE_IN_FRAMEWORK_HEADER = YES;
				CLANG_WARN_RANGE_LOOP_ANALYSIS = YES;
				CLANG_WARN_STRICT_PROTOTYPES = YES;
				CLANG_WARN_SUSPICIOUS_MOVE = YES;
				CLANG_WARN_UNGUARDED_AVAILABILITY = YES_AGGRESSIVE;
				CLANG_WARN_UNREACHABLE_CODE = YES;
				CLANG_WARN__DUPLICATE_METHOD_MATCH = YES;
				COPY_PHASE_STRIP = NO;
				DEBUG_INFORMATION_FORMAT = dwarf;
				ENABLE_STRICT_OBJC_MSGSEND = YES;
				ENABLE_TESTABILITY = YES;
				GCC_C_LANGUAGE_STANDARD = gnu11;
				GCC_DYNAMIC_NO_PIC = NO;
				GCC_NO_COMMON_BLOCKS = YES;
				GCC_OPTIMIZATION_LEVEL = 0;
				GCC_PREPROCESSOR_DEFINITIONS = (
					"DEBUG=1",
					"$(inherited)",
				);
				GCC_WARN_64_TO_32_BIT_CONVERSION = YES;
				GCC_WARN_ABOUT_RETURN_TYPE = YES_ERROR;
				GCC_WARN_UNDECLARED_SELECTOR = YES;
				GCC_WARN_UNINITIALIZED_AUTOS = YES_AGGRESSIVE;
				GCC_WARN_UNUSED_FUNCTION = YES;
				GCC_WARN_UNUSED_VARIABLE = YES;
				IPHONEOS_DEPLOYMENT_TARGET = 15.2;
				MTL_ENABLE_DEBUG_INFO = INCLUDE_SOURCE;
				MTL_FAST_MATH = YES;
				ONLY_ACTIVE_ARCH = YES;
				SDKROOT = iphoneos;
				SWIFT_ACTIVE_COMPILATION_CONDITIONS = DEBUG;
				SWIFT_OPTIMIZATION_LEVEL = "-Onone";
			};
			name = Debug;
		};
		5B058A9B28A960F400B397A6 /* Release */ = {
			isa = XCBuildConfiguration;
			buildSettings = {
				ALWAYS_SEARCH_USER_PATHS = NO;
				CLANG_ANALYZER_NONNULL = YES;
				CLANG_ANALYZER_NUMBER_OBJECT_CONVERSION = YES_AGGRESSIVE;
				CLANG_CXX_LANGUAGE_STANDARD = "gnu++17";
				CLANG_CXX_LIBRARY = "libc++";
				CLANG_ENABLE_MODULES = YES;
				CLANG_ENABLE_OBJC_ARC = YES;
				CLANG_ENABLE_OBJC_WEAK = YES;
				CLANG_WARN_BLOCK_CAPTURE_AUTORELEASING = YES;
				CLANG_WARN_BOOL_CONVERSION = YES;
				CLANG_WARN_COMMA = YES;
				CLANG_WARN_CONSTANT_CONVERSION = YES;
				CLANG_WARN_DEPRECATED_OBJC_IMPLEMENTATIONS = YES;
				CLANG_WARN_DIRECT_OBJC_ISA_USAGE = YES_ERROR;
				CLANG_WARN_DOCUMENTATION_COMMENTS = YES;
				CLANG_WARN_EMPTY_BODY = YES;
				CLANG_WARN_ENUM_CONVERSION = YES;
				CLANG_WARN_INFINITE_RECURSION = YES;
				CLANG_WARN_INT_CONVERSION = YES;
				CLANG_WARN_NON_LITERAL_NULL_CONVERSION = YES;
				CLANG_WARN_OBJC_IMPLICIT_RETAIN_SELF = YES;
				CLANG_WARN_OBJC_LITERAL_CONVERSION = YES;
				CLANG_WARN_OBJC_ROOT_CLASS = YES_ERROR;
				CLANG_WARN_QUOTED_INCLUDE_IN_FRAMEWORK_HEADER = YES;
				CLANG_WARN_RANGE_LOOP_ANALYSIS = YES;
				CLANG_WARN_STRICT_PROTOTYPES = YES;
				CLANG_WARN_SUSPICIOUS_MOVE = YES;
				CLANG_WARN_UNGUARDED_AVAILABILITY = YES_AGGRESSIVE;
				CLANG_WARN_UNREACHABLE_CODE = YES;
				CLANG_WARN__DUPLICATE_METHOD_MATCH = YES;
				COPY_PHASE_STRIP = NO;
				DEBUG_INFORMATION_FORMAT = "dwarf-with-dsym";
				ENABLE_NS_ASSERTIONS = NO;
				ENABLE_STRICT_OBJC_MSGSEND = YES;
				GCC_C_LANGUAGE_STANDARD = gnu11;
				GCC_NO_COMMON_BLOCKS = YES;
				GCC_WARN_64_TO_32_BIT_CONVERSION = YES;
				GCC_WARN_ABOUT_RETURN_TYPE = YES_ERROR;
				GCC_WARN_UNDECLARED_SELECTOR = YES;
				GCC_WARN_UNINITIALIZED_AUTOS = YES_AGGRESSIVE;
				GCC_WARN_UNUSED_FUNCTION = YES;
				GCC_WARN_UNUSED_VARIABLE = YES;
				IPHONEOS_DEPLOYMENT_TARGET = 15.2;
				MTL_ENABLE_DEBUG_INFO = NO;
				MTL_FAST_MATH = YES;
				SDKROOT = iphoneos;
				SWIFT_COMPILATION_MODE = wholemodule;
				SWIFT_OPTIMIZATION_LEVEL = "-O";
				VALIDATE_PRODUCT = YES;
			};
			name = Release;
		};
		5B058A9D28A960F400B397A6 /* Debug */ = {
			isa = XCBuildConfiguration;
			buildSettings = {
				ASSETCATALOG_COMPILER_APPICON_NAME = AppIcon;
				ASSETCATALOG_COMPILER_GLOBAL_ACCENT_COLOR_NAME = AccentColor;
				CODE_SIGN_STYLE = Automatic;
				CURRENT_PROJECT_VERSION = 1;
				DEVELOPMENT_TEAM = 5GQ6QL9S3X;
				GENERATE_INFOPLIST_FILE = YES;
				INFOPLIST_FILE = Weather/Support/Info.plist;
				INFOPLIST_KEY_UIApplicationSupportsIndirectInputEvents = YES;
				INFOPLIST_KEY_UILaunchStoryboardName = LaunchScreen;
				INFOPLIST_KEY_UIMainStoryboardFile = Main;
				INFOPLIST_KEY_UISupportedInterfaceOrientations_iPad = "UIInterfaceOrientationPortrait UIInterfaceOrientationPortraitUpsideDown UIInterfaceOrientationLandscapeLeft UIInterfaceOrientationLandscapeRight";
				INFOPLIST_KEY_UISupportedInterfaceOrientations_iPhone = "UIInterfaceOrientationPortrait UIInterfaceOrientationLandscapeLeft UIInterfaceOrientationLandscapeRight";
				LD_RUNPATH_SEARCH_PATHS = (
					"$(inherited)",
					"@executable_path/Frameworks",
				);
				MARKETING_VERSION = 1.0;
				PRODUCT_BUNDLE_IDENTIFIER = com.ruheekim.Weather;
				PRODUCT_NAME = "$(TARGET_NAME)";
				SWIFT_EMIT_LOC_STRINGS = YES;
				SWIFT_VERSION = 5.0;
				TARGETED_DEVICE_FAMILY = "1,2";
			};
			name = Debug;
		};
		5B058A9E28A960F400B397A6 /* Release */ = {
			isa = XCBuildConfiguration;
			buildSettings = {
				ASSETCATALOG_COMPILER_APPICON_NAME = AppIcon;
				ASSETCATALOG_COMPILER_GLOBAL_ACCENT_COLOR_NAME = AccentColor;
				CODE_SIGN_STYLE = Automatic;
				CURRENT_PROJECT_VERSION = 1;
				DEVELOPMENT_TEAM = 5GQ6QL9S3X;
				GENERATE_INFOPLIST_FILE = YES;
				INFOPLIST_FILE = Weather/Support/Info.plist;
				INFOPLIST_KEY_UIApplicationSupportsIndirectInputEvents = YES;
				INFOPLIST_KEY_UILaunchStoryboardName = LaunchScreen;
				INFOPLIST_KEY_UIMainStoryboardFile = Main;
				INFOPLIST_KEY_UISupportedInterfaceOrientations_iPad = "UIInterfaceOrientationPortrait UIInterfaceOrientationPortraitUpsideDown UIInterfaceOrientationLandscapeLeft UIInterfaceOrientationLandscapeRight";
				INFOPLIST_KEY_UISupportedInterfaceOrientations_iPhone = "UIInterfaceOrientationPortrait UIInterfaceOrientationLandscapeLeft UIInterfaceOrientationLandscapeRight";
				LD_RUNPATH_SEARCH_PATHS = (
					"$(inherited)",
					"@executable_path/Frameworks",
				);
				MARKETING_VERSION = 1.0;
				PRODUCT_BUNDLE_IDENTIFIER = com.ruheekim.Weather;
				PRODUCT_NAME = "$(TARGET_NAME)";
				SWIFT_EMIT_LOC_STRINGS = YES;
				SWIFT_VERSION = 5.0;
				TARGETED_DEVICE_FAMILY = "1,2";
			};
			name = Release;
		};
/* End XCBuildConfiguration section */

/* Begin XCConfigurationList section */
		5B058A8328A960F300B397A6 /* Build configuration list for PBXProject "Weather" */ = {
			isa = XCConfigurationList;
			buildConfigurations = (
				5B058A9A28A960F400B397A6 /* Debug */,
				5B058A9B28A960F400B397A6 /* Release */,
			);
			defaultConfigurationIsVisible = 0;
			defaultConfigurationName = Release;
		};
		5B058A9C28A960F400B397A6 /* Build configuration list for PBXNativeTarget "Weather" */ = {
			isa = XCConfigurationList;
			buildConfigurations = (
				5B058A9D28A960F400B397A6 /* Debug */,
				5B058A9E28A960F400B397A6 /* Release */,
			);
			defaultConfigurationIsVisible = 0;
			defaultConfigurationName = Release;
		};
/* End XCConfigurationList section */

/* Begin XCRemoteSwiftPackageReference section */
		5BCF508C28AAAD450007A394 /* XCRemoteSwiftPackageReference "SwiftyJSON" */ = {
			isa = XCRemoteSwiftPackageReference;
			repositoryURL = "https://github.com/SwiftyJSON/SwiftyJSON.git";
			requirement = {
				branch = master;
				kind = branch;
			};
		};
		5BCF508F28AAAD550007A394 /* XCRemoteSwiftPackageReference "Alamofire" */ = {
			isa = XCRemoteSwiftPackageReference;
			repositoryURL = "https://github.com/Alamofire/Alamofire.git";
			requirement = {
				branch = master;
				kind = branch;
			};
		};
		5BCF509728AABE2B0007A394 /* XCRemoteSwiftPackageReference "Kingfisher" */ = {
			isa = XCRemoteSwiftPackageReference;
			repositoryURL = "https://github.com/onevcat/Kingfisher.git";
			requirement = {
				branch = master;
				kind = branch;
			};
		};
/* End XCRemoteSwiftPackageReference section */

/* Begin XCSwiftPackageProductDependency section */
		5BCF508D28AAAD450007A394 /* SwiftyJSON */ = {
			isa = XCSwiftPackageProductDependency;
			package = 5BCF508C28AAAD450007A394 /* XCRemoteSwiftPackageReference "SwiftyJSON" */;
			productName = SwiftyJSON;
		};
		5BCF509028AAAD550007A394 /* Alamofire */ = {
			isa = XCSwiftPackageProductDependency;
			package = 5BCF508F28AAAD550007A394 /* XCRemoteSwiftPackageReference "Alamofire" */;
			productName = Alamofire;
		};
		5BCF509828AABE2B0007A394 /* Kingfisher */ = {
			isa = XCSwiftPackageProductDependency;
			package = 5BCF509728AABE2B0007A394 /* XCRemoteSwiftPackageReference "Kingfisher" */;
			productName = Kingfisher;
		};
/* End XCSwiftPackageProductDependency section */
	};
	rootObject = 5B058A8028A960F300B397A6 /* Project object */;
}
